
Microsoft Visual Studio Solution File, Format Version 12.00
# Visual Studio 15
VisualStudioVersion = 15.0.27130.2027
MinimumVisualStudioVersion = 10.0.40219.1
Project("{FAE04EC0-301F-11D3-BF4B-00C04F79EFBC}") = "TipCalculator", "AndriodXamarinTipCalculator\TipCalculator.csproj", "{ED795F67-8AD5-441B-8984-C9686BC9AE06}"
EndProject
Global
	GlobalSection(SolutionConfigurationPlatforms) = preSolution
		Debug|Any CPU = Debug|Any CPU
		Release|Any CPU = Release|Any CPU
	EndGlobalSection
	GlobalSection(ProjectConfigurationPlatforms) = postSolution
		{ED795F67-8AD5-441B-8984-C9686BC9AE06}.Debug|Any CPU.ActiveCfg = Debug|Any CPU
		{ED795F67-8AD5-441B-8984-C9686BC9AE06}.Debug|Any CPU.Build.0 = Debug|Any CPU
		{ED795F67-8AD5-441B-8984-C9686BC9AE06}.Debug|Any CPU.Deploy.0 = Debug|Any CPU
		{ED795F67-8AD5-441B-8984-C9686BC9AE06}.Release|Any CPU.ActiveCfg = Release|Any CPU
		{ED795F67-8AD5-441B-8984-C9686BC9AE06}.Release|Any CPU.Build.0 = Release|Any CPU
		{ED795F67-8AD5-441B-8984-C9686BC9AE06}.Release|Any CPU.Deploy.0 = Release|Any CPU
	EndGlobalSection
	GlobalSection(SolutionProperties) = preSolution
		HideSolutionNode = FALSE
	EndGlobalSection
	GlobalSection(ExtensibilityGlobals) = postSolution
		SolutionGuid = {D3180BBA-B0A8-44F9-848E-15161D9DA38A}
	EndGlobalSection
EndGlobal
